
Microsoft Visual Studio Solution File, Format Version 12.00
# Visual Studio Version 17
VisualStudioVersion = 17.13.35818.85 d17.13
MinimumVisualStudioVersion = 10.0.40219.1
Project("{FAE04EC0-301F-11D3-BF4B-00C04F79EFBC}") = "datagrid", "datagrid\datagrid.csproj", "{4DB938F3-6350-4C76-BAA1-A0E335F341B1}"
EndProject
Global
	GlobalSection(SolutionConfigurationPlatforms) = preSolution
		Debug|Any CPU = Debug|Any CPU
		Release|Any CPU = Release|Any CPU
	EndGlobalSection
	GlobalSection(ProjectConfigurationPlatforms) = postSolution
		{4DB938F3-6350-4C76-BAA1-A0E335F341B1}.Debug|Any CPU.ActiveCfg = Debug|Any CPU
		{4DB938F3-6350-4C76-BAA1-A0E335F341B1}.Debug|Any CPU.Build.0 = Debug|Any CPU
		{4DB938F3-6350-4C76-BAA1-A0E335F341B1}.Release|Any CPU.ActiveCfg = Release|Any CPU
		{4DB938F3-6350-4C76-BAA1-A0E335F341B1}.Release|Any CPU.Build.0 = Release|Any CPU
	EndGlobalSection
	GlobalSection(SolutionProperties) = preSolution
		HideSolutionNode = FALSE
	EndGlobalSection
	GlobalSection(ExtensibilityGlobals) = postSolution
		SolutionGuid = {7B2B9A79-8616-4DAE-B8FA-464211BDA1D4}
	EndGlobalSection
EndGlobal
